
Microsoft Visual Studio Solution File, Format Version 12.00
# Visual Studio Version 16
VisualStudioVersion = 16.0.31613.86
MinimumVisualStudioVersion = 10.0.40219.1
Project("{FAE04EC0-301F-11D3-BF4B-00C04F79EFBC}") = "bankomat", "bankomat\bankomat.csproj", "{7A9CEEE7-5FFB-4A81-81E6-F93B5A4BCB70}"
EndProject
Global
	GlobalSection(SolutionConfigurationPlatforms) = preSolution
		Debug|Any CPU = Debug|Any CPU
		Release|Any CPU = Release|Any CPU
	EndGlobalSection
	GlobalSection(ProjectConfigurationPlatforms) = postSolution
		{7A9CEEE7-5FFB-4A81-81E6-F93B5A4BCB70}.Debug|Any CPU.ActiveCfg = Debug|Any CPU
		{7A9CEEE7-5FFB-4A81-81E6-F93B5A4BCB70}.Debug|Any CPU.Build.0 = Debug|Any CPU
		{7A9CEEE7-5FFB-4A81-81E6-F93B5A4BCB70}.Release|Any CPU.ActiveCfg = Release|Any CPU
		{7A9CEEE7-5FFB-4A81-81E6-F93B5A4BCB70}.Release|Any CPU.Build.0 = Release|Any CPU
	EndGlobalSection
	GlobalSection(SolutionProperties) = preSolution
		HideSolutionNode = FALSE
	EndGlobalSection
	GlobalSection(ExtensibilityGlobals) = postSolution
		SolutionGuid = {2307BF5B-2558-41B7-8AF2-DA88E28D3AFE}
	EndGlobalSection
EndGlobal
